
Microsoft Visual Studio Solution File, Format Version 12.00
# Visual Studio 15
Project("{FAE04EC0-301F-11D3-BF4B-00C04F79EFBC}") = "TearDownTower", "TearDownTower.csproj", "{A164A9D9-25E9-8C37-51A7-288EC49406B5}"
EndProject
Project("{FAE04EC0-301F-11D3-BF4B-00C04F79EFBC}") = "TearDownTower.Editor", "TearDownTower.Editor.csproj", "{D1000EFC-6EC8-014A-61AB-D6B88D436EF2}"
EndProject
Project("{FAE04EC0-301F-11D3-BF4B-00C04F79EFBC}") = "TearDownTower.Editor.Plugins", "TearDownTower.Editor.Plugins.csproj", "{D93B1E9C-FEE0-EE32-CAA2-FAF7A941AFBF}"
EndProject
Global
	GlobalSection(SolutionConfigurationPlatforms) = preSolution
		Debug|Any CPU = Debug|Any CPU
		Release|Any CPU = Release|Any CPU
	EndGlobalSection
	GlobalSection(ProjectConfigurationPlatforms) = postSolution
		{A164A9D9-25E9-8C37-51A7-288EC49406B5}.Debug|Any CPU.ActiveCfg = Debug|Any CPU
		{A164A9D9-25E9-8C37-51A7-288EC49406B5}.Debug|Any CPU.Build.0 = Debug|Any CPU
		{A164A9D9-25E9-8C37-51A7-288EC49406B5}.Release|Any CPU.ActiveCfg = Release|Any CPU
		{A164A9D9-25E9-8C37-51A7-288EC49406B5}.Release|Any CPU.Build.0 = Release|Any CPU
		{D1000EFC-6EC8-014A-61AB-D6B88D436EF2}.Debug|Any CPU.ActiveCfg = Debug|Any CPU
		{D1000EFC-6EC8-014A-61AB-D6B88D436EF2}.Debug|Any CPU.Build.0 = Debug|Any CPU
		{D1000EFC-6EC8-014A-61AB-D6B88D436EF2}.Release|Any CPU.ActiveCfg = Release|Any CPU
		{D1000EFC-6EC8-014A-61AB-D6B88D436EF2}.Release|Any CPU.Build.0 = Release|Any CPU
		{D93B1E9C-FEE0-EE32-CAA2-FAF7A941AFBF}.Debug|Any CPU.ActiveCfg = Debug|Any CPU
		{D93B1E9C-FEE0-EE32-CAA2-FAF7A941AFBF}.Debug|Any CPU.Build.0 = Debug|Any CPU
		{D93B1E9C-FEE0-EE32-CAA2-FAF7A941AFBF}.Release|Any CPU.ActiveCfg = Release|Any CPU
		{D93B1E9C-FEE0-EE32-CAA2-FAF7A941AFBF}.Release|Any CPU.Build.0 = Release|Any CPU
	EndGlobalSection
	GlobalSection(SolutionProperties) = preSolution
		HideSolutionNode = FALSE
	EndGlobalSection
EndGlobal
