
Microsoft Visual Studio Solution File, Format Version 12.00
# Visual Studio 15
VisualStudioVersion = 15.0.27428.2037
MinimumVisualStudioVersion = 10.0.40219.1
Project("{FAE04EC0-301F-11D3-BF4B-00C04F79EFBC}") = "CommonCollector", "CommonCollector\CommonCollector.csproj", "{2A169558-31B3-4A06-A64C-8E6F8965EEEB}"
EndProject
Global
	GlobalSection(SolutionConfigurationPlatforms) = preSolution
		Debug|Any CPU = Debug|Any CPU
		Release|Any CPU = Release|Any CPU
	EndGlobalSection
	GlobalSection(ProjectConfigurationPlatforms) = postSolution
		{2A169558-31B3-4A06-A64C-8E6F8965EEEB}.Debug|Any CPU.ActiveCfg = Debug|Any CPU
		{2A169558-31B3-4A06-A64C-8E6F8965EEEB}.Debug|Any CPU.Build.0 = Debug|Any CPU
		{2A169558-31B3-4A06-A64C-8E6F8965EEEB}.Release|Any CPU.ActiveCfg = Release|Any CPU
		{2A169558-31B3-4A06-A64C-8E6F8965EEEB}.Release|Any CPU.Build.0 = Release|Any CPU
	EndGlobalSection
	GlobalSection(SolutionProperties) = preSolution
		HideSolutionNode = FALSE
	EndGlobalSection
	GlobalSection(ExtensibilityGlobals) = postSolution
		SolutionGuid = {287A6B92-E6B8-456B-B994-CB2C34D2C325}
	EndGlobalSection
EndGlobal
