
Microsoft Visual Studio Solution File, Format Version 12.00
# Visual Studio 15
Project("{FAE04EC0-301F-11D3-BF4B-00C04F79EFBC}") = "PyramidMaze", "PyramidMaze.csproj", "{E5393F3A-EC9A-AE21-431D-0171674AE02B}"
EndProject
Global
	GlobalSection(SolutionConfigurationPlatforms) = preSolution
		Debug|Any CPU = Debug|Any CPU
		Release|Any CPU = Release|Any CPU
	EndGlobalSection
	GlobalSection(ProjectConfigurationPlatforms) = postSolution
		{E5393F3A-EC9A-AE21-431D-0171674AE02B}.Debug|Any CPU.ActiveCfg = Debug|Any CPU
		{E5393F3A-EC9A-AE21-431D-0171674AE02B}.Debug|Any CPU.Build.0 = Debug|Any CPU
		{E5393F3A-EC9A-AE21-431D-0171674AE02B}.Release|Any CPU.ActiveCfg = Release|Any CPU
		{E5393F3A-EC9A-AE21-431D-0171674AE02B}.Release|Any CPU.Build.0 = Release|Any CPU
	EndGlobalSection
	GlobalSection(SolutionProperties) = preSolution
		HideSolutionNode = FALSE
	EndGlobalSection
EndGlobal
