
Microsoft Visual Studio Solution File, Format Version 12.00
# Visual Studio 15
Project("{FAE04EC0-301F-11D3-BF4B-00C04F79EFBC}") = "PreventIntrusions", "PreventIntrusions.csproj", "{A3779DC4-A682-94C9-CB80-29C0E49C5A36}"
EndProject
Project("{FAE04EC0-301F-11D3-BF4B-00C04F79EFBC}") = "PreventIntrusions.Editor.Plugins", "PreventIntrusions.Editor.Plugins.csproj", "{712B6E31-1A41-0272-E8CC-9525CBE56FC8}"
EndProject
Global
	GlobalSection(SolutionConfigurationPlatforms) = preSolution
		Debug|Any CPU = Debug|Any CPU
		Release|Any CPU = Release|Any CPU
	EndGlobalSection
	GlobalSection(ProjectConfigurationPlatforms) = postSolution
		{A3779DC4-A682-94C9-CB80-29C0E49C5A36}.Debug|Any CPU.ActiveCfg = Debug|Any CPU
		{A3779DC4-A682-94C9-CB80-29C0E49C5A36}.Debug|Any CPU.Build.0 = Debug|Any CPU
		{A3779DC4-A682-94C9-CB80-29C0E49C5A36}.Release|Any CPU.ActiveCfg = Release|Any CPU
		{A3779DC4-A682-94C9-CB80-29C0E49C5A36}.Release|Any CPU.Build.0 = Release|Any CPU
		{712B6E31-1A41-0272-E8CC-9525CBE56FC8}.Debug|Any CPU.ActiveCfg = Debug|Any CPU
		{712B6E31-1A41-0272-E8CC-9525CBE56FC8}.Debug|Any CPU.Build.0 = Debug|Any CPU
		{712B6E31-1A41-0272-E8CC-9525CBE56FC8}.Release|Any CPU.ActiveCfg = Release|Any CPU
		{712B6E31-1A41-0272-E8CC-9525CBE56FC8}.Release|Any CPU.Build.0 = Release|Any CPU
	EndGlobalSection
	GlobalSection(SolutionProperties) = preSolution
		HideSolutionNode = FALSE
	EndGlobalSection
EndGlobal
